
Microsoft Visual Studio Solution File, Format Version 12.00
# Visual Studio Version 16
VisualStudioVersion = 16.0.31515.178
MinimumVisualStudioVersion = 10.0.40219.1
Project("{9A19103F-16F7-4668-BE54-9A1E7A4F7556}") = "DataAccess", "DataAccess\DataAccess.csproj", "{B636395D-0915-4B10-BB76-1D11009F78A6}"
EndProject
Project("{9A19103F-16F7-4668-BE54-9A1E7A4F7556}") = "Business", "Business\Business.csproj", "{3262CDA4-041D-4F1E-A7A6-F431F47E5D90}"
EndProject
Project("{9A19103F-16F7-4668-BE54-9A1E7A4F7556}") = "Entities", "Entities\Entities.csproj", "{18A32232-E27A-4915-8855-A2FF6AA3D901}"
EndProject
Project("{FAE04EC0-301F-11D3-BF4B-00C04F79EFBC}") = "WebAPI", "WebAPI\WebAPI.csproj", "{90CDC520-8EF6-466D-BD3F-949BD6E4EF1A}"
EndProject
Project("{FAE04EC0-301F-11D3-BF4B-00C04F79EFBC}") = "Infrastructure", "Infrastructure\Infrastructure.csproj", "{C2AD4BF3-678F-4F30-A765-27107A6B9D0F}"
EndProject
Global
	GlobalSection(SolutionConfigurationPlatforms) = preSolution
		Debug|Any CPU = Debug|Any CPU
		Release|Any CPU = Release|Any CPU
	EndGlobalSection
	GlobalSection(ProjectConfigurationPlatforms) = postSolution
		{B636395D-0915-4B10-BB76-1D11009F78A6}.Debug|Any CPU.ActiveCfg = Debug|Any CPU
		{B636395D-0915-4B10-BB76-1D11009F78A6}.Debug|Any CPU.Build.0 = Debug|Any CPU
		{B636395D-0915-4B10-BB76-1D11009F78A6}.Release|Any CPU.ActiveCfg = Release|Any CPU
		{B636395D-0915-4B10-BB76-1D11009F78A6}.Release|Any CPU.Build.0 = Release|Any CPU
		{3262CDA4-041D-4F1E-A7A6-F431F47E5D90}.Debug|Any CPU.ActiveCfg = Debug|Any CPU
		{3262CDA4-041D-4F1E-A7A6-F431F47E5D90}.Debug|Any CPU.Build.0 = Debug|Any CPU
		{3262CDA4-041D-4F1E-A7A6-F431F47E5D90}.Release|Any CPU.ActiveCfg = Release|Any CPU
		{3262CDA4-041D-4F1E-A7A6-F431F47E5D90}.Release|Any CPU.Build.0 = Release|Any CPU
		{18A32232-E27A-4915-8855-A2FF6AA3D901}.Debug|Any CPU.ActiveCfg = Debug|Any CPU
		{18A32232-E27A-4915-8855-A2FF6AA3D901}.Debug|Any CPU.Build.0 = Debug|Any CPU
		{18A32232-E27A-4915-8855-A2FF6AA3D901}.Release|Any CPU.ActiveCfg = Release|Any CPU
		{18A32232-E27A-4915-8855-A2FF6AA3D901}.Release|Any CPU.Build.0 = Release|Any CPU
		{90CDC520-8EF6-466D-BD3F-949BD6E4EF1A}.Debug|Any CPU.ActiveCfg = Debug|Any CPU
		{90CDC520-8EF6-466D-BD3F-949BD6E4EF1A}.Debug|Any CPU.Build.0 = Debug|Any CPU
		{90CDC520-8EF6-466D-BD3F-949BD6E4EF1A}.Release|Any CPU.ActiveCfg = Release|Any CPU
		{90CDC520-8EF6-466D-BD3F-949BD6E4EF1A}.Release|Any CPU.Build.0 = Release|Any CPU
		{C2AD4BF3-678F-4F30-A765-27107A6B9D0F}.Debug|Any CPU.ActiveCfg = Debug|Any CPU
		{C2AD4BF3-678F-4F30-A765-27107A6B9D0F}.Debug|Any CPU.Build.0 = Debug|Any CPU
		{C2AD4BF3-678F-4F30-A765-27107A6B9D0F}.Release|Any CPU.ActiveCfg = Release|Any CPU
		{C2AD4BF3-678F-4F30-A765-27107A6B9D0F}.Release|Any CPU.Build.0 = Release|Any CPU
	EndGlobalSection
	GlobalSection(SolutionProperties) = preSolution
		HideSolutionNode = FALSE
	EndGlobalSection
	GlobalSection(ExtensibilityGlobals) = postSolution
		SolutionGuid = {6805D8EE-59FB-4F8A-B1B6-CCF920401BF6}
	EndGlobalSection
EndGlobal
